
Microsoft Visual Studio Solution File, Format Version 12.00
# Visual Studio Version 17
VisualStudioVersion = 17.5.002.0
MinimumVisualStudioVersion = 10.0.40219.1
Project("{9A19103F-16F7-4668-BE54-9A1E7A4F7556}") = "ERregulator", "ERregulator.csproj", "{A785AB06-C8F6-4CF4-B98B-5A1BAF55EE5B}"
EndProject
Global
	GlobalSection(SolutionConfigurationPlatforms) = preSolution
		Debug|Any CPU = Debug|Any CPU
		Release|Any CPU = Release|Any CPU
	EndGlobalSection
	GlobalSection(ProjectConfigurationPlatforms) = postSolution
		{A785AB06-C8F6-4CF4-B98B-5A1BAF55EE5B}.Debug|Any CPU.ActiveCfg = Debug|Any CPU
		{A785AB06-C8F6-4CF4-B98B-5A1BAF55EE5B}.Debug|Any CPU.Build.0 = Debug|Any CPU
		{A785AB06-C8F6-4CF4-B98B-5A1BAF55EE5B}.Release|Any CPU.ActiveCfg = Release|Any CPU
		{A785AB06-C8F6-4CF4-B98B-5A1BAF55EE5B}.Release|Any CPU.Build.0 = Release|Any CPU
	EndGlobalSection
	GlobalSection(SolutionProperties) = preSolution
		HideSolutionNode = FALSE
	EndGlobalSection
	GlobalSection(ExtensibilityGlobals) = postSolution
		SolutionGuid = {97F01D18-B2B3-4E7A-BD43-5F8213B01040}
	EndGlobalSection
EndGlobal
